
Microsoft Visual Studio Solution File, Format Version 10.00
# Visual Studio 2008
Project("{FAE04EC0-301F-11D3-BF4B-00C04F79EFBC}") = "TCP_Client", "TCPClient\TCP_Client.csproj", "{98371891-9B04-472C-BF11-3538BC3D43BA}"
EndProject
Global
	GlobalSection(SolutionConfigurationPlatforms) = preSolution
		Debug|Any CPU = Debug|Any CPU
		Release|Any CPU = Release|Any CPU
	EndGlobalSection
	GlobalSection(ProjectConfigurationPlatforms) = postSolution
		{98371891-9B04-472C-BF11-3538BC3D43BA}.Debug|Any CPU.ActiveCfg = Debug|Any CPU
		{98371891-9B04-472C-BF11-3538BC3D43BA}.Debug|Any CPU.Build.0 = Debug|Any CPU
		{98371891-9B04-472C-BF11-3538BC3D43BA}.Release|Any CPU.ActiveCfg = Release|Any CPU
		{98371891-9B04-472C-BF11-3538BC3D43BA}.Release|Any CPU.Build.0 = Release|Any CPU
	EndGlobalSection
	GlobalSection(SolutionProperties) = preSolution
		HideSolutionNode = FALSE
	EndGlobalSection
EndGlobal
